
Microsoft Visual Studio Solution File, Format Version 12.00
# Visual Studio Version 16
VisualStudioVersion = 16.0.32228.343
MinimumVisualStudioVersion = 10.0.40219.1
Project("{FAE04EC0-301F-11D3-BF4B-00C04F79EFBC}") = "MoviesAPI", "MoviesAPI\MoviesAPI.csproj", "{B6E83CC3-60C0-4CEA-A726-23EFC8F7FC77}"
EndProject
Global
	GlobalSection(SolutionConfigurationPlatforms) = preSolution
		Debug|Any CPU = Debug|Any CPU
		Release|Any CPU = Release|Any CPU
	EndGlobalSection
	GlobalSection(ProjectConfigurationPlatforms) = postSolution
		{B6E83CC3-60C0-4CEA-A726-23EFC8F7FC77}.Debug|Any CPU.ActiveCfg = Debug|Any CPU
		{B6E83CC3-60C0-4CEA-A726-23EFC8F7FC77}.Debug|Any CPU.Build.0 = Debug|Any CPU
		{B6E83CC3-60C0-4CEA-A726-23EFC8F7FC77}.Release|Any CPU.ActiveCfg = Release|Any CPU
		{B6E83CC3-60C0-4CEA-A726-23EFC8F7FC77}.Release|Any CPU.Build.0 = Release|Any CPU
	EndGlobalSection
	GlobalSection(SolutionProperties) = preSolution
		HideSolutionNode = FALSE
	EndGlobalSection
	GlobalSection(ExtensibilityGlobals) = postSolution
		SolutionGuid = {AA3C0684-1CC6-4A98-83DE-54983F13E0F3}
	EndGlobalSection
EndGlobal
